
Microsoft Visual Studio Solution File, Format Version 12.00
# Visual Studio Version 16
VisualStudioVersion = 16.0.29009.5
MinimumVisualStudioVersion = 10.0.40219.1
Project("{9A19103F-16F7-4668-BE54-9A1E7A4F7556}") = "NetACS.API", "NetACS.API\NetACS.API.csproj", "{C2491B05-82FC-4E29-A27A-943C33AE92C3}"
EndProject
Project("{2150E333-8FDC-42A3-9474-1A3956D46DE8}") = "Docs", "Docs", "{C122D873-39DA-4611-AF02-664976E29C0A}"
	ProjectSection(SolutionItems) = preProject
		Docs\ExamplePacket.xml = Docs\ExamplePacket.xml
		SoapUIExampleBody.xml = SoapUIExampleBody.xml
	EndProjectSection
EndProject
Project("{9A19103F-16F7-4668-BE54-9A1E7A4F7556}") = "NetACS.Database", "NetACS.Database\NetACS.Database.csproj", "{6AFD0A0A-15B7-4C59-8549-D4061773FD3F}"
EndProject
Project("{9A19103F-16F7-4668-BE54-9A1E7A4F7556}") = "NetACS.Models", "NetACS.Models\NetACS.Models.csproj", "{5CCE429F-B58E-4F16-B49D-59D49EF0B828}"
EndProject
Project("{2150E333-8FDC-42A3-9474-1A3956D46DE8}") = "SQL", "SQL", "{55333F81-BBBB-46B7-BABA-B7813EE71F49}"
	ProjectSection(SolutionItems) = preProject
		Device.sql = Device.sql
		DeviceId.sql = DeviceId.sql
	EndProjectSection
EndProject
Project("{9A19103F-16F7-4668-BE54-9A1E7A4F7556}") = "NetACS.CWMP", "NetACS.CWMP\NetACS.CWMP.csproj", "{E14CB2CD-9E2F-41C4-A21A-5FD82A5039E2}"
EndProject
Global
	GlobalSection(SolutionConfigurationPlatforms) = preSolution
		Debug|Any CPU = Debug|Any CPU
		Release|Any CPU = Release|Any CPU
	EndGlobalSection
	GlobalSection(ProjectConfigurationPlatforms) = postSolution
		{C2491B05-82FC-4E29-A27A-943C33AE92C3}.Debug|Any CPU.ActiveCfg = Debug|Any CPU
		{C2491B05-82FC-4E29-A27A-943C33AE92C3}.Debug|Any CPU.Build.0 = Debug|Any CPU
		{C2491B05-82FC-4E29-A27A-943C33AE92C3}.Release|Any CPU.ActiveCfg = Release|Any CPU
		{C2491B05-82FC-4E29-A27A-943C33AE92C3}.Release|Any CPU.Build.0 = Release|Any CPU
		{6AFD0A0A-15B7-4C59-8549-D4061773FD3F}.Debug|Any CPU.ActiveCfg = Debug|Any CPU
		{6AFD0A0A-15B7-4C59-8549-D4061773FD3F}.Debug|Any CPU.Build.0 = Debug|Any CPU
		{6AFD0A0A-15B7-4C59-8549-D4061773FD3F}.Release|Any CPU.ActiveCfg = Release|Any CPU
		{6AFD0A0A-15B7-4C59-8549-D4061773FD3F}.Release|Any CPU.Build.0 = Release|Any CPU
		{5CCE429F-B58E-4F16-B49D-59D49EF0B828}.Debug|Any CPU.ActiveCfg = Debug|Any CPU
		{5CCE429F-B58E-4F16-B49D-59D49EF0B828}.Debug|Any CPU.Build.0 = Debug|Any CPU
		{5CCE429F-B58E-4F16-B49D-59D49EF0B828}.Release|Any CPU.ActiveCfg = Release|Any CPU
		{5CCE429F-B58E-4F16-B49D-59D49EF0B828}.Release|Any CPU.Build.0 = Release|Any CPU
		{E14CB2CD-9E2F-41C4-A21A-5FD82A5039E2}.Debug|Any CPU.ActiveCfg = Debug|Any CPU
		{E14CB2CD-9E2F-41C4-A21A-5FD82A5039E2}.Debug|Any CPU.Build.0 = Debug|Any CPU
		{E14CB2CD-9E2F-41C4-A21A-5FD82A5039E2}.Release|Any CPU.ActiveCfg = Release|Any CPU
		{E14CB2CD-9E2F-41C4-A21A-5FD82A5039E2}.Release|Any CPU.Build.0 = Release|Any CPU
	EndGlobalSection
	GlobalSection(SolutionProperties) = preSolution
		HideSolutionNode = FALSE
	EndGlobalSection
	GlobalSection(ExtensibilityGlobals) = postSolution
		SolutionGuid = {5A966FE5-6A77-4613-A7CB-C8F523C25D0A}
	EndGlobalSection
EndGlobal
