
Microsoft Visual Studio Solution File, Format Version 12.00
# Visual Studio Version 16
VisualStudioVersion = 16.0.29009.5
MinimumVisualStudioVersion = 10.0.40219.1
Project("{9A19103F-16F7-4668-BE54-9A1E7A4F7556}") = "NetACS.Server", "NetACS.Server\NetACS.Server.csproj", "{7CD594CF-7AD5-4A4C-A1C4-646FED09C4BD}"
EndProject
Project("{9A19103F-16F7-4668-BE54-9A1E7A4F7556}") = "NetACS.API", "NetACS.API\NetACS.API.csproj", "{C2491B05-82FC-4E29-A27A-943C33AE92C3}"
EndProject
Global
	GlobalSection(SolutionConfigurationPlatforms) = preSolution
		Debug|Any CPU = Debug|Any CPU
		Release|Any CPU = Release|Any CPU
	EndGlobalSection
	GlobalSection(ProjectConfigurationPlatforms) = postSolution
		{7CD594CF-7AD5-4A4C-A1C4-646FED09C4BD}.Debug|Any CPU.ActiveCfg = Debug|Any CPU
		{7CD594CF-7AD5-4A4C-A1C4-646FED09C4BD}.Debug|Any CPU.Build.0 = Debug|Any CPU
		{7CD594CF-7AD5-4A4C-A1C4-646FED09C4BD}.Release|Any CPU.ActiveCfg = Release|Any CPU
		{7CD594CF-7AD5-4A4C-A1C4-646FED09C4BD}.Release|Any CPU.Build.0 = Release|Any CPU
		{C2491B05-82FC-4E29-A27A-943C33AE92C3}.Debug|Any CPU.ActiveCfg = Debug|Any CPU
		{C2491B05-82FC-4E29-A27A-943C33AE92C3}.Debug|Any CPU.Build.0 = Debug|Any CPU
		{C2491B05-82FC-4E29-A27A-943C33AE92C3}.Release|Any CPU.ActiveCfg = Release|Any CPU
		{C2491B05-82FC-4E29-A27A-943C33AE92C3}.Release|Any CPU.Build.0 = Release|Any CPU
	EndGlobalSection
	GlobalSection(SolutionProperties) = preSolution
		HideSolutionNode = FALSE
	EndGlobalSection
	GlobalSection(ExtensibilityGlobals) = postSolution
		SolutionGuid = {5A966FE5-6A77-4613-A7CB-C8F523C25D0A}
	EndGlobalSection
EndGlobal
